
Microsoft Visual Studio Solution File, Format Version 12.00
# Visual Studio Version 17
VisualStudioVersion = 17.3.32929.385
MinimumVisualStudioVersion = 10.0.40219.1
Project("{FAE04EC0-301F-11D3-BF4B-00C04F79EFBC}") = "FirstMVCApp", "FirstMVCApp\FirstMVCApp.csproj", "{A97B76E4-F203-4823-87F3-061871C196DD}"
EndProject
Global
	GlobalSection(SolutionConfigurationPlatforms) = preSolution
		Debug|Any CPU = Debug|Any CPU
		Release|Any CPU = Release|Any CPU
	EndGlobalSection
	GlobalSection(ProjectConfigurationPlatforms) = postSolution
		{A97B76E4-F203-4823-87F3-061871C196DD}.Debug|Any CPU.ActiveCfg = Debug|Any CPU
		{A97B76E4-F203-4823-87F3-061871C196DD}.Debug|Any CPU.Build.0 = Debug|Any CPU
		{A97B76E4-F203-4823-87F3-061871C196DD}.Release|Any CPU.ActiveCfg = Release|Any CPU
		{A97B76E4-F203-4823-87F3-061871C196DD}.Release|Any CPU.Build.0 = Release|Any CPU
	EndGlobalSection
	GlobalSection(SolutionProperties) = preSolution
		HideSolutionNode = FALSE
	EndGlobalSection
	GlobalSection(ExtensibilityGlobals) = postSolution
		SolutionGuid = {44589ED3-CD72-4CCC-AD37-64076C2EFAC9}
	EndGlobalSection
EndGlobal
